
Microsoft Visual Studio Solution File, Format Version 11.00
# Visual Studio 2010
Project("{2150E333-8FDC-42A3-9474-1A3956D46DE8}") = "_layouts", "_layouts", "{DD2EB20A-E7B2-4CC1-8A9D-5E27895D20A7}"
	ProjectSection(SolutionItems) = preProject
		..\..\_layouts\default.html = ..\..\_layouts\default.html
		..\..\_layouts\post.html = ..\..\_layouts\post.html
	EndProjectSection
EndProject
Project("{2150E333-8FDC-42A3-9474-1A3956D46DE8}") = "_posts", "_posts", "{852AA507-3D36-4C2E-B415-5A79D4E6D02C}"
	ProjectSection(SolutionItems) = preProject
		..\..\_posts\1999-6-7-beamtree-optimizations.markdown = ..\..\_posts\1999-6-7-beamtree-optimizations.markdown
		..\..\_posts\2000-09-22-beamtree-results.markdown = ..\..\_posts\2000-09-22-beamtree-results.markdown
		..\..\_posts\2001-8-17-gba-development.markdown = ..\..\_posts\2001-8-17-gba-development.markdown
		..\..\_posts\2003-3-1-computer-science-education.markdown = ..\..\_posts\2003-3-1-computer-science-education.markdown
		..\..\_posts\2003-3-12-geometric-algebra.markdown = ..\..\_posts\2003-3-12-geometric-algebra.markdown
		..\..\_posts\2005-10-2-tools-and-libraries.markdown = ..\..\_posts\2005-10-2-tools-and-libraries.markdown
		..\..\_posts\2007-11-11-romantic-surprise.markdown = ..\..\_posts\2007-11-11-romantic-surprise.markdown
		..\..\_posts\2007-4-12-concurrent-fears.markdown = ..\..\_posts\2007-4-12-concurrent-fears.markdown
		..\..\_posts\2007-5-12-sinterklaas.markdown = ..\..\_posts\2007-5-12-sinterklaas.markdown
		..\..\_posts\2008-4-3-choice-surprise-focus.markdown = ..\..\_posts\2008-4-3-choice-surprise-focus.markdown
		..\..\_posts\2009-4-29-why-collect-garbage.markdown = ..\..\_posts\2009-4-29-why-collect-garbage.markdown
		..\..\_posts\2010-2-14-outsource-valentine.markdown = ..\..\_posts\2010-2-14-outsource-valentine.markdown
	EndProjectSection
EndProject
Project("{2150E333-8FDC-42A3-9474-1A3956D46DE8}") = "jaapsuter.github.com", "jaapsuter.github.com", "{268607DF-F1FD-4312-9543-365234474E47}"
	ProjectSection(SolutionItems) = preProject
		..\..\404.html = ..\..\404.html
		..\..\_config.yml = ..\..\_config.yml
		..\..\atom.xml = ..\..\atom.xml
		..\..\CNAME = ..\..\CNAME
		..\..\config.rb = ..\..\config.rb
		..\..\favicon.ico = ..\..\favicon.ico
		..\..\geometric-algebra.pdf = ..\..\geometric-algebra.pdf
		..\..\index.html = ..\..\index.html
		..\..\README = ..\..\README
		..\..\resume.pdf = ..\..\resume.pdf
	EndProjectSection
EndProject
Project("{2150E333-8FDC-42A3-9474-1A3956D46DE8}") = "_includes", "_includes", "{F24DC583-8E87-4618-88C1-096CF33A3C66}"
	ProjectSection(SolutionItems) = preProject
		..\..\_includes\embed-vimeo.html = ..\..\_includes\embed-vimeo.html
		..\..\_includes\figure-with-caption.html = ..\..\_includes\figure-with-caption.html
		..\..\_includes\vcard-aside.html = ..\..\_includes\vcard-aside.html
	EndProjectSection
EndProject
Project("{2150E333-8FDC-42A3-9474-1A3956D46DE8}") = "sass", "sass", "{1043C2CE-91D0-4EA1-BDAC-46056E59EA56}"
	ProjectSection(SolutionItems) = preProject
		..\..\sass\default.scss = ..\..\sass\default.scss
	EndProjectSection
EndProject
Project("{2150E333-8FDC-42A3-9474-1A3956D46DE8}") = "partials", "partials", "{62EBD3AB-EE6E-4EE7-ABB0-C1B58CA697C4}"
	ProjectSection(SolutionItems) = preProject
		..\..\sass\partials\_site.scss = ..\..\sass\partials\_site.scss
	EndProjectSection
EndProject
Project("{2150E333-8FDC-42A3-9474-1A3956D46DE8}") = "_source", "_source", "{BA3D6BFC-68AA-4205-9A84-D705D32D3ACB}"
EndProject
Project("{2150E333-8FDC-42A3-9474-1A3956D46DE8}") = "resume", "resume", "{2747C3E2-55A1-4DFB-B063-DD26426EBAAC}"
	ProjectSection(SolutionItems) = preProject
		..\resume\resume.cls = ..\resume\resume.cls
		..\resume\resume.tex = ..\resume\resume.tex
	EndProjectSection
EndProject
Project("{2150E333-8FDC-42A3-9474-1A3956D46DE8}") = "constants", "constants", "{1C99604D-F30D-4E42-ACAC-0D8A09BD2C12}"
	ProjectSection(SolutionItems) = preProject
		..\..\sass\constants\_base.scss = ..\..\sass\constants\_base.scss
		..\..\sass\constants\_colors.scss = ..\..\sass\constants\_colors.scss
		..\..\sass\constants\_fonts.scss = ..\..\sass\constants\_fonts.scss
	EndProjectSection
EndProject
Global
	GlobalSection(SolutionProperties) = preSolution
		HideSolutionNode = FALSE
	EndGlobalSection
	GlobalSection(NestedProjects) = preSolution
		{852AA507-3D36-4C2E-B415-5A79D4E6D02C} = {268607DF-F1FD-4312-9543-365234474E47}
		{DD2EB20A-E7B2-4CC1-8A9D-5E27895D20A7} = {268607DF-F1FD-4312-9543-365234474E47}
		{F24DC583-8E87-4618-88C1-096CF33A3C66} = {268607DF-F1FD-4312-9543-365234474E47}
		{1043C2CE-91D0-4EA1-BDAC-46056E59EA56} = {268607DF-F1FD-4312-9543-365234474E47}
		{BA3D6BFC-68AA-4205-9A84-D705D32D3ACB} = {268607DF-F1FD-4312-9543-365234474E47}
		{62EBD3AB-EE6E-4EE7-ABB0-C1B58CA697C4} = {1043C2CE-91D0-4EA1-BDAC-46056E59EA56}
		{1C99604D-F30D-4E42-ACAC-0D8A09BD2C12} = {1043C2CE-91D0-4EA1-BDAC-46056E59EA56}
		{2747C3E2-55A1-4DFB-B063-DD26426EBAAC} = {BA3D6BFC-68AA-4205-9A84-D705D32D3ACB}
	EndGlobalSection
EndGlobal
