
Microsoft Visual Studio Solution File, Format Version 12.00
# Visual Studio 11
Project("{2150E333-8FDC-42A3-9474-1A3956D46DE8}") = "_layouts", "_layouts", "{DD2EB20A-E7B2-4CC1-8A9D-5E27895D20A7}"
	ProjectSection(SolutionItems) = preProject
		..\_layouts\default.html.haml = ..\_layouts\default.html.haml
	EndProjectSection
EndProject
Project("{2150E333-8FDC-42A3-9474-1A3956D46DE8}") = "_posts", "_posts", "{852AA507-3D36-4C2E-B415-5A79D4E6D02C}"
	ProjectSection(SolutionItems) = preProject
		..\_posts\2001-8-17-flipcode-contributions.markdown = ..\_posts\2001-8-17-flipcode-contributions.markdown
		..\_posts\2003-3-1-computer-science-education.markdown = ..\_posts\2003-3-1-computer-science-education.markdown
		..\_posts\2003-3-12-geometric-algebra.markdown = ..\_posts\2003-3-12-geometric-algebra.markdown
		..\_posts\2005-10-2-tools-and-libraries.markdown = ..\_posts\2005-10-2-tools-and-libraries.markdown
		..\_posts\2007-11-11-surprise-delivery.markdown = ..\_posts\2007-11-11-surprise-delivery.markdown
		..\_posts\2007-5-12-sinterklaas-in-canada.markdown = ..\_posts\2007-5-12-sinterklaas-in-canada.markdown
		..\_posts\2008-4-3-choice-surprise-focus.markdown = ..\_posts\2008-4-3-choice-surprise-focus.markdown
		..\_posts\2009-4-29-garbage-collection.markdown = ..\_posts\2009-4-29-garbage-collection.markdown
		..\_posts\2010-2-14-valentines-day-outsourced.markdown = ..\_posts\2010-2-14-valentines-day-outsourced.markdown
	EndProjectSection
EndProject
Project("{2150E333-8FDC-42A3-9474-1A3956D46DE8}") = "jaapsuter.github.com", "jaapsuter.github.com", "{268607DF-F1FD-4312-9543-365234474E47}"
	ProjectSection(SolutionItems) = preProject
		..\404.html = ..\404.html
		..\CNAME = ..\CNAME
		..\Gemfile = ..\Gemfile
		..\_abbr.yml = ..\_abbr.yml
		..\_config.yml = ..\_config.yml
		..\atom.xml = ..\atom.xml
		..\do.cmd = ..\do.cmd
		..\favicon.ico = ..\favicon.ico
		..\google415246fe73d6cc14.html = ..\google415246fe73d6cc14.html
		..\humans.txt = ..\humans.txt
		..\index.html = ..\index.html
		..\lab.markdown = ..\lab.markdown
		..\projects.markdown = ..\projects.markdown
		..\resume.markdown = ..\resume.markdown
		..\robots.txt = ..\robots.txt
	EndProjectSection
EndProject
Project("{2150E333-8FDC-42A3-9474-1A3956D46DE8}") = "_includes", "_includes", "{F24DC583-8E87-4618-88C1-096CF33A3C66}"
EndProject
Project("{2150E333-8FDC-42A3-9474-1A3956D46DE8}") = "js", "js", "{8D1165C3-726B-422E-BB82-B3D58E2ECBE2}"
	ProjectSection(SolutionItems) = preProject
		..\js\jaap.all.js = ..\js\jaap.all.js
	EndProjectSection
EndProject
Project("{2150E333-8FDC-42A3-9474-1A3956D46DE8}") = "_plugins", "_plugins", "{380D19F7-B5D0-4B6C-A6A0-78A82D7EF540}"
	ProjectSection(SolutionItems) = preProject
		..\_plugins\liquid-ext.rb = ..\_plugins\liquid-ext.rb
		..\_plugins\page-and-post-post-write-hook.rb = ..\_plugins\page-and-post-post-write-hook.rb
		..\_plugins\sitemap-generator.rb = ..\_plugins\sitemap-generator.rb
	EndProjectSection
EndProject
Project("{2150E333-8FDC-42A3-9474-1A3956D46DE8}") = "zone", "zone", "{C4A66924-C309-4A4B-B937-D6994ED2B6D6}"
	ProjectSection(SolutionItems) = preProject
		..\_includes\zone\archive.html.haml = ..\_includes\zone\archive.html.haml
		..\_includes\zone\article.html.haml = ..\_includes\zone\article.html.haml
		..\_includes\zone\footer.html.haml = ..\_includes\zone\footer.html.haml
		..\_includes\zone\header.html.haml = ..\_includes\zone\header.html.haml
		..\_includes\zone\menu.html.haml = ..\_includes\zone\menu.html.haml
	EndProjectSection
EndProject
Project("{2150E333-8FDC-42A3-9474-1A3956D46DE8}") = "component", "component", "{1336C1DB-0800-4E65-A805-7A3785F02100}"
	ProjectSection(SolutionItems) = preProject
		..\_includes\component\figure.html.haml = ..\_includes\component\figure.html.haml
		..\_includes\component\flash.html.haml = ..\_includes\component\flash.html.haml
		..\_includes\component\pullquote.html.haml = ..\_includes\component\pullquote.html.haml
		..\_includes\component\video.html.haml = ..\_includes\component\video.html.haml
		..\_includes\component\vimeo.html.haml = ..\_includes\component\vimeo.html.haml
	EndProjectSection
EndProject
Project("{2150E333-8FDC-42A3-9474-1A3956D46DE8}") = "_json", "_json", "{7CEDF735-0340-4CB0-B3EB-A8C21156CFF8}"
	ProjectSection(SolutionItems) = preProject
		..\_json\coffee-lint.json = ..\_json\coffee-lint.json
		..\_json\type-metrics.json = ..\_json\type-metrics.json
		..\_json\type-subsets.json = ..\_json\type-subsets.json
	EndProjectSection
EndProject
Project("{2150E333-8FDC-42A3-9474-1A3956D46DE8}") = "_fonts", "_fonts", "{5C7EE667-5933-4347-B8A8-EE64836C245F}"
EndProject
Project("{2150E333-8FDC-42A3-9474-1A3956D46DE8}") = "scripts", "scripts", "{D391E781-3FA4-4463-A9FF-F8F2D163E201}"
	ProjectSection(SolutionItems) = preProject
		..\_fonts\scripts\forge.py = ..\_fonts\scripts\forge.py
	EndProjectSection
EndProject
Project("{2150E333-8FDC-42A3-9474-1A3956D46DE8}") = "_site", "_site", "{33B17BCB-4312-4678-B1B3-E0411188E6CA}"
EndProject
Project("{2150E333-8FDC-42A3-9474-1A3956D46DE8}") = "css", "css", "{278B1B56-D9DA-44AE-B739-9BB0B42698BB}"
	ProjectSection(SolutionItems) = preProject
		..\_site\css\at-font-face.dev.css = ..\_site\css\at-font-face.dev.css
		..\_site\css\head-2.css = ..\_site\css\head-2.css
		..\_site\css\head.css = ..\_site\css\head.css
		..\_site\css\head.min.css = ..\_site\css\head.min.css
		..\_site\css\normalize.dev.css = ..\_site\css\normalize.dev.css
	EndProjectSection
EndProject
Project("{2150E333-8FDC-42A3-9474-1A3956D46DE8}") = "lab", "lab", "{83DB6C1B-6560-45EB-972A-546386316CC6}"
	ProjectSection(SolutionItems) = preProject
		..\_site\lab\index.html = ..\_site\lab\index.html
	EndProjectSection
EndProject
Project("{2150E333-8FDC-42A3-9474-1A3956D46DE8}") = "js", "js", "{9CA4A5A2-791A-4C66-9E34-64BFBB59DF52}"
EndProject
Project("{2150E333-8FDC-42A3-9474-1A3956D46DE8}") = "jaap", "jaap", "{863DBB29-E63D-4094-B38D-6FC542071F96}"
EndProject
Project("{FAE04EC0-301F-11D3-BF4B-00C04F79EFBC}") = "_sass", "..\_sass\_sass.csproj", "{F9DDAA7D-BE00-43B5-B38B-B58603DA463A}"
EndProject
Project("{FAE04EC0-301F-11D3-BF4B-00C04F79EFBC}") = "_coffee", "..\_coffee\_coffee.csproj", "{64FB1456-E4DB-475A-BAD4-DAD7CE917DD5}"
EndProject
Project("{2150E333-8FDC-42A3-9474-1A3956D46DE8}") = "_ruby", "_ruby", "{D97496B9-839E-422C-B9DA-F52A40413354}"
	ProjectSection(SolutionItems) = preProject
		..\_ruby\compass-config.rb = ..\_ruby\compass-config.rb
		..\_ruby\do.rb = ..\_ruby\do.rb
		..\_ruby\framework.rb = ..\_ruby\framework.rb
	EndProjectSection
EndProject
Project("{2150E333-8FDC-42A3-9474-1A3956D46DE8}") = "framework", "framework", "{672BFA03-BA8D-4B7C-AAEB-BAC4824B828F}"
	ProjectSection(SolutionItems) = preProject
		..\_ruby\framework\cached.rb = ..\_ruby\framework\cached.rb
		..\_ruby\framework\compile.rb = ..\_ruby\framework\compile.rb
		..\_ruby\framework\config.rb = ..\_ruby\framework\config.rb
		..\_ruby\framework\daemon.rb = ..\_ruby\framework\daemon.rb
		..\_ruby\framework\dress.rb = ..\_ruby\framework\dress.rb
		..\_ruby\framework\font.rb = ..\_ruby\framework\font.rb
		..\_ruby\framework\paths.rb = ..\_ruby\framework\paths.rb
		..\_ruby\framework\reload.rb = ..\_ruby\framework\reload.rb
		..\_ruby\framework\server.rb = ..\_ruby\framework\server.rb
		..\_ruby\framework\tool.rb = ..\_ruby\framework\tool.rb
	EndProjectSection
EndProject
Project("{2150E333-8FDC-42A3-9474-1A3956D46DE8}") = "liquid-ext", "liquid-ext", "{AA24D8C5-E899-4678-A647-60C986323EDB}"
	ProjectSection(SolutionItems) = preProject
		..\_ruby\liquid-ext\hamlize.rb = ..\_ruby\liquid-ext\hamlize.rb
		..\_ruby\liquid-ext\hyphenate.rb = ..\_ruby\liquid-ext\hyphenate.rb
		..\_ruby\liquid-ext\include-wildcard.rb = ..\_ruby\liquid-ext\include-wildcard.rb
		..\_ruby\liquid-ext\sized-paragraph.rb = ..\_ruby\liquid-ext\sized-paragraph.rb
	EndProjectSection
EndProject
Project("{2150E333-8FDC-42A3-9474-1A3956D46DE8}") = "typogruby-fork", "typogruby-fork", "{DD145E17-90BD-4E35-8308-34DC0BE83B9E}"
	ProjectSection(SolutionItems) = preProject
		..\_ruby\typogruby-fork\characters.txt = ..\_ruby\typogruby-fork\characters.txt
		..\_ruby\typogruby-fork\typogruby.rb = ..\_ruby\typogruby-fork\typogruby.rb
	EndProjectSection
EndProject
Project("{2150E333-8FDC-42A3-9474-1A3956D46DE8}") = "monkey", "monkey", "{9D15AB5C-F3B5-4361-AD26-99F8FA3F9210}"
	ProjectSection(SolutionItems) = preProject
		..\_ruby\monkey\enumerable.rb = ..\_ruby\monkey\enumerable.rb
		..\_ruby\monkey\hash.rb = ..\_ruby\monkey\hash.rb
		..\_ruby\monkey\numeric.rb = ..\_ruby\monkey\numeric.rb
		..\_ruby\monkey\string.rb = ..\_ruby\monkey\string.rb
	EndProjectSection
EndProject
Project("{2150E333-8FDC-42A3-9474-1A3956D46DE8}") = "server", "server", "{DAE04D53-0DAE-41DA-B678-71E63762EB17}"
	ProjectSection(SolutionItems) = preProject
		..\_ruby\framework\server\default-servlet.rb = ..\_ruby\framework\server\default-servlet.rb
		..\_ruby\framework\server\json-servlet.rb = ..\_ruby\framework\server\json-servlet.rb
	EndProjectSection
EndProject
Project("{2150E333-8FDC-42A3-9474-1A3956D46DE8}") = "sass-ext", "sass-ext", "{A8CCBB73-7CBE-46A1-A4B1-A175ACEF17BF}"
	ProjectSection(SolutionItems) = preProject
		..\_ruby\sass-ext\color.rb = ..\_ruby\sass-ext\color.rb
		..\_ruby\sass-ext\diet.rb = ..\_ruby\sass-ext\diet.rb
		..\_ruby\sass-ext\font.rb = ..\_ruby\sass-ext\font.rb
		..\_ruby\sass-ext\grid-unit.rb = ..\_ruby\sass-ext\grid-unit.rb
		..\_ruby\sass-ext\post-process.rb = ..\_ruby\sass-ext\post-process.rb
		..\_ruby\sass-ext\svg.rb = ..\_ruby\sass-ext\svg.rb
		..\_ruby\sass-ext\tree-logger.rb = ..\_ruby\sass-ext\tree-logger.rb
		..\_ruby\sass-ext\util.rb = ..\_ruby\sass-ext\util.rb
	EndProjectSection
EndProject
Project("{2150E333-8FDC-42A3-9474-1A3956D46DE8}") = "other", "other", "{DA4813AD-2427-4D5E-A94C-C4B09D2060AB}"
	ProjectSection(SolutionItems) = preProject
		..\_includes\other\head.html.haml = ..\_includes\other\head.html.haml
		..\_includes\other\tail.html.haml = ..\_includes\other\tail.html.haml
	EndProjectSection
EndProject
Global
	GlobalSection(SolutionConfigurationPlatforms) = preSolution
		Development|AnyCPU = Development|AnyCPU
		Development|Mixed Platforms = Development|Mixed Platforms
		Development|x86 = Development|x86
	EndGlobalSection
	GlobalSection(ProjectConfigurationPlatforms) = postSolution
		{64FB1456-E4DB-475A-BAD4-DAD7CE917DD5}.Development|AnyCPU.ActiveCfg = Development|x86
		{64FB1456-E4DB-475A-BAD4-DAD7CE917DD5}.Development|Mixed Platforms.ActiveCfg = Development|x86
		{64FB1456-E4DB-475A-BAD4-DAD7CE917DD5}.Development|x86.ActiveCfg = Development|x86
		{F9DDAA7D-BE00-43B5-B38B-B58603DA463A}.Development|AnyCPU.ActiveCfg = Development|x86
		{F9DDAA7D-BE00-43B5-B38B-B58603DA463A}.Development|Mixed Platforms.ActiveCfg = Development|x86
		{F9DDAA7D-BE00-43B5-B38B-B58603DA463A}.Development|x86.ActiveCfg = Development|x86
	EndGlobalSection
	GlobalSection(SolutionProperties) = preSolution
		HideSolutionNode = FALSE
	EndGlobalSection
	GlobalSection(NestedProjects) = preSolution
		{1336C1DB-0800-4E65-A805-7A3785F02100} = {F24DC583-8E87-4618-88C1-096CF33A3C66}
		{278B1B56-D9DA-44AE-B739-9BB0B42698BB} = {33B17BCB-4312-4678-B1B3-E0411188E6CA}
		{33B17BCB-4312-4678-B1B3-E0411188E6CA} = {268607DF-F1FD-4312-9543-365234474E47}
		{380D19F7-B5D0-4B6C-A6A0-78A82D7EF540} = {268607DF-F1FD-4312-9543-365234474E47}
		{5C7EE667-5933-4347-B8A8-EE64836C245F} = {268607DF-F1FD-4312-9543-365234474E47}
		{64FB1456-E4DB-475A-BAD4-DAD7CE917DD5} = {268607DF-F1FD-4312-9543-365234474E47}
		{672BFA03-BA8D-4B7C-AAEB-BAC4824B828F} = {D97496B9-839E-422C-B9DA-F52A40413354}
		{7CEDF735-0340-4CB0-B3EB-A8C21156CFF8} = {268607DF-F1FD-4312-9543-365234474E47}
		{83DB6C1B-6560-45EB-972A-546386316CC6} = {33B17BCB-4312-4678-B1B3-E0411188E6CA}
		{852AA507-3D36-4C2E-B415-5A79D4E6D02C} = {268607DF-F1FD-4312-9543-365234474E47}
		{863DBB29-E63D-4094-B38D-6FC542071F96} = {8D1165C3-726B-422E-BB82-B3D58E2ECBE2}
		{8D1165C3-726B-422E-BB82-B3D58E2ECBE2} = {268607DF-F1FD-4312-9543-365234474E47}
		{9CA4A5A2-791A-4C66-9E34-64BFBB59DF52} = {33B17BCB-4312-4678-B1B3-E0411188E6CA}
		{9D15AB5C-F3B5-4361-AD26-99F8FA3F9210} = {D97496B9-839E-422C-B9DA-F52A40413354}
		{A8CCBB73-7CBE-46A1-A4B1-A175ACEF17BF} = {D97496B9-839E-422C-B9DA-F52A40413354}
		{AA24D8C5-E899-4678-A647-60C986323EDB} = {D97496B9-839E-422C-B9DA-F52A40413354}
		{C4A66924-C309-4A4B-B937-D6994ED2B6D6} = {F24DC583-8E87-4618-88C1-096CF33A3C66}
		{D391E781-3FA4-4463-A9FF-F8F2D163E201} = {5C7EE667-5933-4347-B8A8-EE64836C245F}
		{D97496B9-839E-422C-B9DA-F52A40413354} = {268607DF-F1FD-4312-9543-365234474E47}
		{DA4813AD-2427-4D5E-A94C-C4B09D2060AB} = {F24DC583-8E87-4618-88C1-096CF33A3C66}
		{DAE04D53-0DAE-41DA-B678-71E63762EB17} = {672BFA03-BA8D-4B7C-AAEB-BAC4824B828F}
		{DD145E17-90BD-4E35-8308-34DC0BE83B9E} = {D97496B9-839E-422C-B9DA-F52A40413354}
		{DD2EB20A-E7B2-4CC1-8A9D-5E27895D20A7} = {268607DF-F1FD-4312-9543-365234474E47}
		{F24DC583-8E87-4618-88C1-096CF33A3C66} = {268607DF-F1FD-4312-9543-365234474E47}
		{F9DDAA7D-BE00-43B5-B38B-B58603DA463A} = {268607DF-F1FD-4312-9543-365234474E47}
	EndGlobalSection
EndGlobal
