
Microsoft Visual Studio Solution File, Format Version 11.00
# Visual Studio 2010
Project("{2150E333-8FDC-42A3-9474-1A3956D46DE8}") = "_layouts", "_layouts", "{DD2EB20A-E7B2-4CC1-8A9D-5E27895D20A7}"
	ProjectSection(SolutionItems) = preProject
		..\..\_layouts\default.html = ..\..\_layouts\default.html
		..\..\_layouts\post.html = ..\..\_layouts\post.html
	EndProjectSection
EndProject
Project("{2150E333-8FDC-42A3-9474-1A3956D46DE8}") = "_posts", "_posts", "{852AA507-3D36-4C2E-B415-5A79D4E6D02C}"
	ProjectSection(SolutionItems) = preProject
		..\..\_posts\1980-4-25-scratch-pad.markdown = ..\..\_posts\1980-4-25-scratch-pad.markdown
		..\..\_posts\1996-7-12-cerumen-punk.markdown = ..\..\_posts\1996-7-12-cerumen-punk.markdown
		..\..\_posts\1997-6-6-the-suitcase.markdown = ..\..\_posts\1997-6-6-the-suitcase.markdown
		..\..\_posts\1999-4-13-octree-forest.markdown = ..\..\_posts\1999-4-13-octree-forest.markdown
		..\..\_posts\1999-6-7-beamtrees-faster.markdown = ..\..\_posts\1999-6-7-beamtrees-faster.markdown
		..\..\_posts\2000-09-22-beamtrees.markdown = ..\..\_posts\2000-09-22-beamtrees.markdown
		..\..\_posts\2000-8-12-french-flip.markdown = ..\..\_posts\2000-8-12-french-flip.markdown
		..\..\_posts\2001-8-17-gameboy-digressed.markdown = ..\..\_posts\2001-8-17-gameboy-digressed.markdown
		..\..\_posts\2003-10-1-ceo-support.markdown = ..\..\_posts\2003-10-1-ceo-support.markdown
		..\..\_posts\2003-3-1-computer-science.markdown = ..\..\_posts\2003-3-1-computer-science.markdown
		..\..\_posts\2003-3-12-geometric-algebra.markdown = ..\..\_posts\2003-3-12-geometric-algebra.markdown
		..\..\_posts\2005-10-2-tools-and-libraries.markdown = ..\..\_posts\2005-10-2-tools-and-libraries.markdown
		..\..\_posts\2005-5-20-bingo-twistle.markdown = ..\..\_posts\2005-5-20-bingo-twistle.markdown
		..\..\_posts\2006-2-28-sub-zero-collision.markdown = ..\..\_posts\2006-2-28-sub-zero-collision.markdown
		..\..\_posts\2007-11-11-lovey-dovey.markdown = ..\..\_posts\2007-11-11-lovey-dovey.markdown
		..\..\_posts\2007-4-10-parallel-fears.markdown = ..\..\_posts\2007-4-10-parallel-fears.markdown
		..\..\_posts\2007-4-12-synergistic-hide-and-seek.markdown = ..\..\_posts\2007-4-12-synergistic-hide-and-seek.markdown
		..\..\_posts\2007-5-12-sinterklaas.markdown = ..\..\_posts\2007-5-12-sinterklaas.markdown
		..\..\_posts\2008-4-3-choice-surprise-focus.markdown = ..\..\_posts\2008-4-3-choice-surprise-focus.markdown
		..\..\_posts\2009-10-31-unicorns-indeed.markdown = ..\..\_posts\2009-10-31-unicorns-indeed.markdown
		..\..\_posts\2009-11-13-front-loading.markdown = ..\..\_posts\2009-11-13-front-loading.markdown
		..\..\_posts\2009-11-15-rational-is-not-an-insult.markdown = ..\..\_posts\2009-11-15-rational-is-not-an-insult.markdown
		..\..\_posts\2009-11-17-relevant-futures.markdown = ..\..\_posts\2009-11-17-relevant-futures.markdown
		..\..\_posts\2009-11-24-sampling-error.markdown = ..\..\_posts\2009-11-24-sampling-error.markdown
		..\..\_posts\2009-11-25-bored-to-death.markdown = ..\..\_posts\2009-11-25-bored-to-death.markdown
		..\..\_posts\2009-11-27-np-is-my-bitch.markdown = ..\..\_posts\2009-11-27-np-is-my-bitch.markdown
		..\..\_posts\2009-11-28-brutus-vis-moore.markdown = ..\..\_posts\2009-11-28-brutus-vis-moore.markdown
		..\..\_posts\2009-12-1-frozen-futures.markdown = ..\..\_posts\2009-12-1-frozen-futures.markdown
		..\..\_posts\2009-12-2-collapse-dimensions.markdown = ..\..\_posts\2009-12-2-collapse-dimensions.markdown
		..\..\_posts\2009-12-3-thousand-words.markdown = ..\..\_posts\2009-12-3-thousand-words.markdown
		..\..\_posts\2009-4-1-recompression-oh-nein.markdown = ..\..\_posts\2009-4-1-recompression-oh-nein.markdown
		..\..\_posts\2009-4-29-why-collect-garbage.markdown = ..\..\_posts\2009-4-29-why-collect-garbage.markdown
		..\..\_posts\2010-1-30-why-so-hungry.markdown = ..\..\_posts\2010-1-30-why-so-hungry.markdown
		..\..\_posts\2010-2-14-outsource-valentine.markdown = ..\..\_posts\2010-2-14-outsource-valentine.markdown
		..\..\_posts\2010-2-26-app-store-refund.markdown = ..\..\_posts\2010-2-26-app-store-refund.markdown
		..\..\_posts\2010-4-19-my-french.markdown = ..\..\_posts\2010-4-19-my-french.markdown
	EndProjectSection
EndProject
Project("{2150E333-8FDC-42A3-9474-1A3956D46DE8}") = "css", "css", "{52669984-BA56-48D0-8F64-CAAC0C22A9BE}"
	ProjectSection(SolutionItems) = preProject
		..\..\css\default.css = ..\..\css\default.css
	EndProjectSection
EndProject
Project("{2150E333-8FDC-42A3-9474-1A3956D46DE8}") = "jaapsuter.github.com", "jaapsuter.github.com", "{268607DF-F1FD-4312-9543-365234474E47}"
	ProjectSection(SolutionItems) = preProject
		..\..\404.html = ..\..\404.html
		..\..\_config.yml = ..\..\_config.yml
		..\..\CNAME = ..\..\CNAME
		..\..\favicon.ico = ..\..\favicon.ico
		..\..\index.html = ..\..\index.html
	EndProjectSection
EndProject
Project("{2150E333-8FDC-42A3-9474-1A3956D46DE8}") = "source", "source", "{CFBC9193-5640-47D0-9B36-8A57140176E2}"
	ProjectSection(SolutionItems) = preProject
		..\rebuild-images.cmd = ..\rebuild-images.cmd
	EndProjectSection
EndProject
Project("{2150E333-8FDC-42A3-9474-1A3956D46DE8}") = "_includes", "_includes", "{F24DC583-8E87-4618-88C1-096CF33A3C66}"
	ProjectSection(SolutionItems) = preProject
		..\..\_includes\embed-video.markdown = ..\..\_includes\embed-video.markdown
	EndProjectSection
EndProject
Global
	GlobalSection(SolutionProperties) = preSolution
		HideSolutionNode = FALSE
	EndGlobalSection
	GlobalSection(NestedProjects) = preSolution
		{852AA507-3D36-4C2E-B415-5A79D4E6D02C} = {268607DF-F1FD-4312-9543-365234474E47}
		{52669984-BA56-48D0-8F64-CAAC0C22A9BE} = {268607DF-F1FD-4312-9543-365234474E47}
		{DD2EB20A-E7B2-4CC1-8A9D-5E27895D20A7} = {268607DF-F1FD-4312-9543-365234474E47}
		{CFBC9193-5640-47D0-9B36-8A57140176E2} = {268607DF-F1FD-4312-9543-365234474E47}
		{F24DC583-8E87-4618-88C1-096CF33A3C66} = {268607DF-F1FD-4312-9543-365234474E47}
	EndGlobalSection
EndGlobal
